
Microsoft Visual Studio Solution File, Format Version 12.00
# Visual Studio 15
VisualStudioVersion = 15.0.28307.489
MinimumVisualStudioVersion = 10.0.40219.1
Project("{2150E333-8FDC-42A3-9474-1A3956D46DE8}") = "Document", "Document", "{FAE6866E-8F57-46A8-A556-7976BE8D5D4D}"
	ProjectSection(SolutionItems) = preProject
		Document\使用手册.md = Document\使用手册.md
		Document\搭建文档.md = Document\搭建文档.md
	EndProjectSection
EndProject
Project("{2150E333-8FDC-42A3-9474-1A3956D46DE8}") = "Web", "Web", "{09F10FB6-51D6-4301-AF47-AE231E906159}"
EndProject
Project("{2150E333-8FDC-42A3-9474-1A3956D46DE8}") = "Source", "Source", "{8B43DD6A-05B5-4274-807B-5DC786D0F296}"
EndProject
Project("{9A19103F-16F7-4668-BE54-9A1E7A4F7556}") = "TomNet", "Source\TomNet\TomNet.csproj", "{35F94DC5-2B10-4085-8920-CCC57356A1F5}"
EndProject
Project("{9A19103F-16F7-4668-BE54-9A1E7A4F7556}") = "TomNet.Redis", "Source\TomNet.Redis\TomNet.Redis.csproj", "{D02CCA1E-2306-4845-A7AD-D95D4EBF7E45}"
EndProject
Project("{9A19103F-16F7-4668-BE54-9A1E7A4F7556}") = "TomNet.Log4Net", "Source\TomNet.Log4Net\TomNet.Log4Net.csproj", "{965A0678-28C5-4019-B796-CBEAA0AC6EE4}"
EndProject
Project("{9A19103F-16F7-4668-BE54-9A1E7A4F7556}") = "TomNet.SqlSugarCore", "Source\TomNet.SqlSugarCore\TomNet.SqlSugarCore.csproj", "{3BC96125-823D-470F-9C49-2292E7CFA721}"
EndProject
Project("{9A19103F-16F7-4668-BE54-9A1E7A4F7556}") = "TomNet.AspNetCore", "Source\TomNet.AspNetCore\TomNet.AspNetCore.csproj", "{B8DB2F36-C62B-45E1-A4DB-F8EDFF3675EC}"
EndProject
Project("{9A19103F-16F7-4668-BE54-9A1E7A4F7556}") = "TomNet.App.Core", "Web\TomNet.App.Core\TomNet.App.Core.csproj", "{A8931630-4AC6-406E-9E12-11719C0DB377}"
EndProject
Project("{9A19103F-16F7-4668-BE54-9A1E7A4F7556}") = "TomNet.App.Web", "Web\TomNet.App.Web\TomNet.App.Web.csproj", "{F11F35AE-93AC-4769-A31B-BEFA969DACBB}"
EndProject
Project("{9A19103F-16F7-4668-BE54-9A1E7A4F7556}") = "TomNet.App.Model", "Web\TomNet.App.Model\TomNet.App.Model.csproj", "{1828D829-1584-4854-B0A0-E1C076D9831E}"
EndProject
Project("{9A19103F-16F7-4668-BE54-9A1E7A4F7556}") = "TomNet.App.WebApi", "Web\TomNet.App.WebApi\TomNet.App.WebApi.csproj", "{BE6A6C32-DDAF-4A94-8C7C-9DD8C6EC2D16}"
EndProject
Project("{9A19103F-16F7-4668-BE54-9A1E7A4F7556}") = "TomNet.Authentication", "Source\TomNet.Authentication\TomNet.Authentication.csproj", "{61A122D2-3ABB-4359-8415-C16B0FDFA2BE}"
EndProject
Project("{00D1A9C2-B5F0-4AF3-8072-F6C62B433612}") = "TomNetDatabase", "Web\TomNetDatabase\TomNetDatabase.sqlproj", "{57B5667E-032F-4F58-8D15-A0F13BCF7BF6}"
EndProject
Global
	GlobalSection(SolutionConfigurationPlatforms) = preSolution
		Debug|Any CPU = Debug|Any CPU
		Release|Any CPU = Release|Any CPU
	EndGlobalSection
	GlobalSection(ProjectConfigurationPlatforms) = postSolution
		{35F94DC5-2B10-4085-8920-CCC57356A1F5}.Debug|Any CPU.ActiveCfg = Debug|Any CPU
		{35F94DC5-2B10-4085-8920-CCC57356A1F5}.Debug|Any CPU.Build.0 = Debug|Any CPU
		{35F94DC5-2B10-4085-8920-CCC57356A1F5}.Release|Any CPU.ActiveCfg = Release|Any CPU
		{35F94DC5-2B10-4085-8920-CCC57356A1F5}.Release|Any CPU.Build.0 = Release|Any CPU
		{D02CCA1E-2306-4845-A7AD-D95D4EBF7E45}.Debug|Any CPU.ActiveCfg = Debug|Any CPU
		{D02CCA1E-2306-4845-A7AD-D95D4EBF7E45}.Debug|Any CPU.Build.0 = Debug|Any CPU
		{D02CCA1E-2306-4845-A7AD-D95D4EBF7E45}.Release|Any CPU.ActiveCfg = Release|Any CPU
		{D02CCA1E-2306-4845-A7AD-D95D4EBF7E45}.Release|Any CPU.Build.0 = Release|Any CPU
		{965A0678-28C5-4019-B796-CBEAA0AC6EE4}.Debug|Any CPU.ActiveCfg = Debug|Any CPU
		{965A0678-28C5-4019-B796-CBEAA0AC6EE4}.Debug|Any CPU.Build.0 = Debug|Any CPU
		{965A0678-28C5-4019-B796-CBEAA0AC6EE4}.Release|Any CPU.ActiveCfg = Release|Any CPU
		{965A0678-28C5-4019-B796-CBEAA0AC6EE4}.Release|Any CPU.Build.0 = Release|Any CPU
		{3BC96125-823D-470F-9C49-2292E7CFA721}.Debug|Any CPU.ActiveCfg = Debug|Any CPU
		{3BC96125-823D-470F-9C49-2292E7CFA721}.Debug|Any CPU.Build.0 = Debug|Any CPU
		{3BC96125-823D-470F-9C49-2292E7CFA721}.Release|Any CPU.ActiveCfg = Release|Any CPU
		{3BC96125-823D-470F-9C49-2292E7CFA721}.Release|Any CPU.Build.0 = Release|Any CPU
		{B8DB2F36-C62B-45E1-A4DB-F8EDFF3675EC}.Debug|Any CPU.ActiveCfg = Debug|Any CPU
		{B8DB2F36-C62B-45E1-A4DB-F8EDFF3675EC}.Debug|Any CPU.Build.0 = Debug|Any CPU
		{B8DB2F36-C62B-45E1-A4DB-F8EDFF3675EC}.Release|Any CPU.ActiveCfg = Release|Any CPU
		{B8DB2F36-C62B-45E1-A4DB-F8EDFF3675EC}.Release|Any CPU.Build.0 = Release|Any CPU
		{A8931630-4AC6-406E-9E12-11719C0DB377}.Debug|Any CPU.ActiveCfg = Debug|Any CPU
		{A8931630-4AC6-406E-9E12-11719C0DB377}.Debug|Any CPU.Build.0 = Debug|Any CPU
		{A8931630-4AC6-406E-9E12-11719C0DB377}.Release|Any CPU.ActiveCfg = Release|Any CPU
		{A8931630-4AC6-406E-9E12-11719C0DB377}.Release|Any CPU.Build.0 = Release|Any CPU
		{F11F35AE-93AC-4769-A31B-BEFA969DACBB}.Debug|Any CPU.ActiveCfg = Debug|Any CPU
		{F11F35AE-93AC-4769-A31B-BEFA969DACBB}.Debug|Any CPU.Build.0 = Debug|Any CPU
		{F11F35AE-93AC-4769-A31B-BEFA969DACBB}.Release|Any CPU.ActiveCfg = Release|Any CPU
		{F11F35AE-93AC-4769-A31B-BEFA969DACBB}.Release|Any CPU.Build.0 = Release|Any CPU
		{1828D829-1584-4854-B0A0-E1C076D9831E}.Debug|Any CPU.ActiveCfg = Debug|Any CPU
		{1828D829-1584-4854-B0A0-E1C076D9831E}.Debug|Any CPU.Build.0 = Debug|Any CPU
		{1828D829-1584-4854-B0A0-E1C076D9831E}.Release|Any CPU.ActiveCfg = Release|Any CPU
		{1828D829-1584-4854-B0A0-E1C076D9831E}.Release|Any CPU.Build.0 = Release|Any CPU
		{BE6A6C32-DDAF-4A94-8C7C-9DD8C6EC2D16}.Debug|Any CPU.ActiveCfg = Debug|Any CPU
		{BE6A6C32-DDAF-4A94-8C7C-9DD8C6EC2D16}.Debug|Any CPU.Build.0 = Debug|Any CPU
		{BE6A6C32-DDAF-4A94-8C7C-9DD8C6EC2D16}.Release|Any CPU.ActiveCfg = Release|Any CPU
		{BE6A6C32-DDAF-4A94-8C7C-9DD8C6EC2D16}.Release|Any CPU.Build.0 = Release|Any CPU
		{61A122D2-3ABB-4359-8415-C16B0FDFA2BE}.Debug|Any CPU.ActiveCfg = Debug|Any CPU
		{61A122D2-3ABB-4359-8415-C16B0FDFA2BE}.Debug|Any CPU.Build.0 = Debug|Any CPU
		{61A122D2-3ABB-4359-8415-C16B0FDFA2BE}.Release|Any CPU.ActiveCfg = Release|Any CPU
		{61A122D2-3ABB-4359-8415-C16B0FDFA2BE}.Release|Any CPU.Build.0 = Release|Any CPU
		{57B5667E-032F-4F58-8D15-A0F13BCF7BF6}.Debug|Any CPU.ActiveCfg = Debug|Any CPU
		{57B5667E-032F-4F58-8D15-A0F13BCF7BF6}.Debug|Any CPU.Build.0 = Debug|Any CPU
		{57B5667E-032F-4F58-8D15-A0F13BCF7BF6}.Debug|Any CPU.Deploy.0 = Debug|Any CPU
		{57B5667E-032F-4F58-8D15-A0F13BCF7BF6}.Release|Any CPU.ActiveCfg = Release|Any CPU
		{57B5667E-032F-4F58-8D15-A0F13BCF7BF6}.Release|Any CPU.Build.0 = Release|Any CPU
		{57B5667E-032F-4F58-8D15-A0F13BCF7BF6}.Release|Any CPU.Deploy.0 = Release|Any CPU
	EndGlobalSection
	GlobalSection(SolutionProperties) = preSolution
		HideSolutionNode = FALSE
	EndGlobalSection
	GlobalSection(NestedProjects) = preSolution
		{35F94DC5-2B10-4085-8920-CCC57356A1F5} = {8B43DD6A-05B5-4274-807B-5DC786D0F296}
		{D02CCA1E-2306-4845-A7AD-D95D4EBF7E45} = {8B43DD6A-05B5-4274-807B-5DC786D0F296}
		{965A0678-28C5-4019-B796-CBEAA0AC6EE4} = {8B43DD6A-05B5-4274-807B-5DC786D0F296}
		{3BC96125-823D-470F-9C49-2292E7CFA721} = {8B43DD6A-05B5-4274-807B-5DC786D0F296}
		{B8DB2F36-C62B-45E1-A4DB-F8EDFF3675EC} = {8B43DD6A-05B5-4274-807B-5DC786D0F296}
		{A8931630-4AC6-406E-9E12-11719C0DB377} = {09F10FB6-51D6-4301-AF47-AE231E906159}
		{F11F35AE-93AC-4769-A31B-BEFA969DACBB} = {09F10FB6-51D6-4301-AF47-AE231E906159}
		{1828D829-1584-4854-B0A0-E1C076D9831E} = {09F10FB6-51D6-4301-AF47-AE231E906159}
		{BE6A6C32-DDAF-4A94-8C7C-9DD8C6EC2D16} = {09F10FB6-51D6-4301-AF47-AE231E906159}
		{61A122D2-3ABB-4359-8415-C16B0FDFA2BE} = {8B43DD6A-05B5-4274-807B-5DC786D0F296}
		{57B5667E-032F-4F58-8D15-A0F13BCF7BF6} = {09F10FB6-51D6-4301-AF47-AE231E906159}
	EndGlobalSection
	GlobalSection(ExtensibilityGlobals) = postSolution
		SolutionGuid = {04F8EDEC-459E-4B92-BAA8-C6B511E9EB93}
	EndGlobalSection
EndGlobal
